
Microsoft Visual Studio Solution File, Format Version 12.00
# Visual Studio Version 17
VisualStudioVersion = 17.8.34330.188
MinimumVisualStudioVersion = 10.0.40219.1
Project("{2150E333-8FDC-42A3-9474-1A3956D46DE8}") = "BusinessLayer", "BusinessLayer", "{1CCF4954-E7D6-4C20-8938-CA2C18E8E29B}"
EndProject
Project("{FAE04EC0-301F-11D3-BF4B-00C04F79EFBC}") = "BusinessLayer", "BusinessLayer\BusinessLayer\BusinessLayer.csproj", "{7DC56A43-15AF-46F3-B4F7-8DCD933CEDB6}"
EndProject
Project("{2150E333-8FDC-42A3-9474-1A3956D46DE8}") = "DataAccessLayer", "DataAccessLayer", "{2400AF89-ED15-4C96-9C0B-C7B90D4E893F}"
EndProject
Project("{FAE04EC0-301F-11D3-BF4B-00C04F79EFBC}") = "DataAccessLayer", "DataAccessLayer\DataAccessLayer\DataAccessLayer.csproj", "{4409F7B4-FCBA-48EA-967E-E507D54C42B1}"
EndProject
Project("{2150E333-8FDC-42A3-9474-1A3956D46DE8}") = "EntityLayer", "EntityLayer", "{2787ADB3-CDFC-425E-9FFA-5AE74E7F7F14}"
EndProject
Project("{FAE04EC0-301F-11D3-BF4B-00C04F79EFBC}") = "EntityLayer", "EntityLayer\EntityLayer\EntityLayer.csproj", "{65768AC3-83E9-4BF0-9455-E1A685FE414B}"
EndProject
Project("{2150E333-8FDC-42A3-9474-1A3956D46DE8}") = "PresentationLayer", "PresentationLayer", "{2FCC0B08-50DD-44BF-A61C-9020EC40CA7F}"
EndProject
Project("{FAE04EC0-301F-11D3-BF4B-00C04F79EFBC}") = "PresentationLayer", "PresentationLayer\PresentationLayer\PresentationLayer.csproj", "{86ECEDB5-1296-4A58-AD97-37F7C7BFAEF8}"
EndProject
Global
	GlobalSection(SolutionConfigurationPlatforms) = preSolution
		Debug|Any CPU = Debug|Any CPU
		Release|Any CPU = Release|Any CPU
	EndGlobalSection
	GlobalSection(ProjectConfigurationPlatforms) = postSolution
		{7DC56A43-15AF-46F3-B4F7-8DCD933CEDB6}.Debug|Any CPU.ActiveCfg = Debug|Any CPU
		{7DC56A43-15AF-46F3-B4F7-8DCD933CEDB6}.Debug|Any CPU.Build.0 = Debug|Any CPU
		{7DC56A43-15AF-46F3-B4F7-8DCD933CEDB6}.Release|Any CPU.ActiveCfg = Release|Any CPU
		{7DC56A43-15AF-46F3-B4F7-8DCD933CEDB6}.Release|Any CPU.Build.0 = Release|Any CPU
		{4409F7B4-FCBA-48EA-967E-E507D54C42B1}.Debug|Any CPU.ActiveCfg = Debug|Any CPU
		{4409F7B4-FCBA-48EA-967E-E507D54C42B1}.Debug|Any CPU.Build.0 = Debug|Any CPU
		{4409F7B4-FCBA-48EA-967E-E507D54C42B1}.Release|Any CPU.ActiveCfg = Release|Any CPU
		{4409F7B4-FCBA-48EA-967E-E507D54C42B1}.Release|Any CPU.Build.0 = Release|Any CPU
		{65768AC3-83E9-4BF0-9455-E1A685FE414B}.Debug|Any CPU.ActiveCfg = Debug|Any CPU
		{65768AC3-83E9-4BF0-9455-E1A685FE414B}.Debug|Any CPU.Build.0 = Debug|Any CPU
		{65768AC3-83E9-4BF0-9455-E1A685FE414B}.Release|Any CPU.ActiveCfg = Release|Any CPU
		{65768AC3-83E9-4BF0-9455-E1A685FE414B}.Release|Any CPU.Build.0 = Release|Any CPU
		{86ECEDB5-1296-4A58-AD97-37F7C7BFAEF8}.Debug|Any CPU.ActiveCfg = Debug|Any CPU
		{86ECEDB5-1296-4A58-AD97-37F7C7BFAEF8}.Debug|Any CPU.Build.0 = Debug|Any CPU
		{86ECEDB5-1296-4A58-AD97-37F7C7BFAEF8}.Release|Any CPU.ActiveCfg = Release|Any CPU
		{86ECEDB5-1296-4A58-AD97-37F7C7BFAEF8}.Release|Any CPU.Build.0 = Release|Any CPU
	EndGlobalSection
	GlobalSection(SolutionProperties) = preSolution
		HideSolutionNode = FALSE
	EndGlobalSection
	GlobalSection(NestedProjects) = preSolution
		{7DC56A43-15AF-46F3-B4F7-8DCD933CEDB6} = {1CCF4954-E7D6-4C20-8938-CA2C18E8E29B}
		{4409F7B4-FCBA-48EA-967E-E507D54C42B1} = {2400AF89-ED15-4C96-9C0B-C7B90D4E893F}
		{65768AC3-83E9-4BF0-9455-E1A685FE414B} = {2787ADB3-CDFC-425E-9FFA-5AE74E7F7F14}
		{86ECEDB5-1296-4A58-AD97-37F7C7BFAEF8} = {2FCC0B08-50DD-44BF-A61C-9020EC40CA7F}
	EndGlobalSection
	GlobalSection(ExtensibilityGlobals) = postSolution
		SolutionGuid = {6B294928-6858-452E-A8FF-99D0D931B81B}
	EndGlobalSection
EndGlobal
